// !$*UTF8*$!
{
	archiveVersion = 1;
	classes = {
	};
	objectVersion = 51;
	objects = {

/* Begin PBXBuildFile section */
		5A6BA57F23A15C2A00480643 /* Podfile in Resources */ = {isa = PBXBuildFile; fileRef = 5A6BA57E23A15C2A00480643 /* Podfile */; };
		5A6BA58123A15E9800480643 /* HSGalleryRapidAPIService.swift in Sources */ = {isa = PBXBuildFile; fileRef = 5A6BA58023A15E9800480643 /* HSGalleryRapidAPIService.swift */; };
		5A8AA031239833250089261B /* AppDelegate.swift in Sources */ = {isa = PBXBuildFile; fileRef = 5A8AA030239833250089261B /* AppDelegate.swift */; };
		5A8AA033239833250089261B /* SceneDelegate.swift in Sources */ = {isa = PBXBuildFile; fileRef = 5A8AA032239833250089261B /* SceneDelegate.swift */; };
		5A8AA038239833250089261B /* CardInfoViewController.storyboard in Resources */ = {isa = PBXBuildFile; fileRef = 5A8AA036239833250089261B /* CardInfoViewController.storyboard */; };
		5A8AA03A239833270089261B /* Assets.xcassets in Resources */ = {isa = PBXBuildFile; fileRef = 5A8AA039239833270089261B /* Assets.xcassets */; };
		5A8AA07023984D080089261B /* CardInfoPresenter.swift in Sources */ = {isa = PBXBuildFile; fileRef = 5A8AA06A23984D080089261B /* CardInfoPresenter.swift */; };
		5A8AA07223984D080089261B /* CardInfoRouter.swift in Sources */ = {isa = PBXBuildFile; fileRef = 5A8AA06C23984D080089261B /* CardInfoRouter.swift */; };
		5A8AA07323984D080089261B /* CardInfoModel.swift in Sources */ = {isa = PBXBuildFile; fileRef = 5A8AA06D23984D080089261B /* CardInfoModel.swift */; };
		5A8AA07423984D080089261B /* CardInfoViewController.swift in Sources */ = {isa = PBXBuildFile; fileRef = 5A8AA06E23984D080089261B /* CardInfoViewController.swift */; };
		5A8AA07523984D080089261B /* CardInfoInteractor.swift in Sources */ = {isa = PBXBuildFile; fileRef = 5A8AA06F23984D080089261B /* CardInfoInteractor.swift */; };
		5AC0D5B223A8539B00AD51E4 /* CardInfoDisplayLogic.swift in Sources */ = {isa = PBXBuildFile; fileRef = 5AC0D5B123A8539B00AD51E4 /* CardInfoDisplayLogic.swift */; };
		5AC0D5B423A853F300AD51E4 /* CardInfoBusinessLogic.swift in Sources */ = {isa = PBXBuildFile; fileRef = 5AC0D5B323A853F300AD51E4 /* CardInfoBusinessLogic.swift */; };
		5AC0D5B623A8541400AD51E4 /* CardInfoDataStore.swift in Sources */ = {isa = PBXBuildFile; fileRef = 5AC0D5B523A8541400AD51E4 /* CardInfoDataStore.swift */; };
		5AC0D5B823A8546900AD51E4 /* CardInfoPresentationLogic.swift in Sources */ = {isa = PBXBuildFile; fileRef = 5AC0D5B723A8546900AD51E4 /* CardInfoPresentationLogic.swift */; };
		5AC0D5BA23A854A000AD51E4 /* CardInfoRoutingLogic.swift in Sources */ = {isa = PBXBuildFile; fileRef = 5AC0D5B923A854A000AD51E4 /* CardInfoRoutingLogic.swift */; };
		5AC0D5BC23A854C900AD51E4 /* CardInfoDataPassing.swift in Sources */ = {isa = PBXBuildFile; fileRef = 5AC0D5BB23A854C900AD51E4 /* CardInfoDataPassing.swift */; };
		5AC0D5BF23A8554C00AD51E4 /* CardInfoModule.swift in Sources */ = {isa = PBXBuildFile; fileRef = 5AC0D5BE23A8554C00AD51E4 /* CardInfoModule.swift */; };
		5AC0D5C223A8620800AD51E4 /* LaunchScreen.storyboard in Resources */ = {isa = PBXBuildFile; fileRef = 5AC0D5C023A8620800AD51E4 /* LaunchScreen.storyboard */; };
		A6E9790516648234A076F828 /* Pods_HSGallery.framework in Frameworks */ = {isa = PBXBuildFile; fileRef = C1E20D453E5B68DBA9300965 /* Pods_HSGallery.framework */; };
/* End PBXBuildFile section */

/* Begin PBXFileReference section */
		00328640F12BD07BA9542282 /* Pods-HSGallery.release.xcconfig */ = {isa = PBXFileReference; includeInIndex = 1; lastKnownFileType = text.xcconfig; name = "Pods-HSGallery.release.xcconfig"; path = "Target Support Files/Pods-HSGallery/Pods-HSGallery.release.xcconfig"; sourceTree = "<group>"; };
		3BDB655B63CB591838594A71 /* Pods-HSGallery.debug.xcconfig */ = {isa = PBXFileReference; includeInIndex = 1; lastKnownFileType = text.xcconfig; name = "Pods-HSGallery.debug.xcconfig"; path = "Target Support Files/Pods-HSGallery/Pods-HSGallery.debug.xcconfig"; sourceTree = "<group>"; };
		5A6BA57E23A15C2A00480643 /* Podfile */ = {isa = PBXFileReference; lastKnownFileType = text; path = Podfile; sourceTree = "<group>"; xcLanguageSpecificationIdentifier = xcode.lang.ruby; };
		5A6BA58023A15E9800480643 /* HSGalleryRapidAPIService.swift */ = {isa = PBXFileReference; lastKnownFileType = sourcecode.swift; path = HSGalleryRapidAPIService.swift; sourceTree = "<group>"; };
		5A8AA02D239833250089261B /* HSGallery.app */ = {isa = PBXFileReference; explicitFileType = wrapper.application; includeInIndex = 0; path = HSGallery.app; sourceTree = BUILT_PRODUCTS_DIR; };
		5A8AA030239833250089261B /* AppDelegate.swift */ = {isa = PBXFileReference; lastKnownFileType = sourcecode.swift; path = AppDelegate.swift; sourceTree = "<group>"; };
		5A8AA032239833250089261B /* SceneDelegate.swift */ = {isa = PBXFileReference; lastKnownFileType = sourcecode.swift; path = SceneDelegate.swift; sourceTree = "<group>"; };
		5A8AA037239833250089261B /* Base */ = {isa = PBXFileReference; lastKnownFileType = file.storyboard; name = Base; path = Base.lproj/CardInfoViewController.storyboard; sourceTree = "<group>"; };
		5A8AA039239833270089261B /* Assets.xcassets */ = {isa = PBXFileReference; lastKnownFileType = folder.assetcatalog; path = Assets.xcassets; sourceTree = "<group>"; };
		5A8AA03E239833270089261B /* Info.plist */ = {isa = PBXFileReference; lastKnownFileType = text.plist.xml; path = Info.plist; sourceTree = "<group>"; };
		5A8AA06A23984D080089261B /* CardInfoPresenter.swift */ = {isa = PBXFileReference; lastKnownFileType = sourcecode.swift; path = CardInfoPresenter.swift; sourceTree = "<group>"; };
		5A8AA06C23984D080089261B /* CardInfoRouter.swift */ = {isa = PBXFileReference; lastKnownFileType = sourcecode.swift; path = CardInfoRouter.swift; sourceTree = "<group>"; };
		5A8AA06D23984D080089261B /* CardInfoModel.swift */ = {isa = PBXFileReference; lastKnownFileType = sourcecode.swift; path = CardInfoModel.swift; sourceTree = "<group>"; };
		5A8AA06E23984D080089261B /* CardInfoViewController.swift */ = {isa = PBXFileReference; lastKnownFileType = sourcecode.swift; path = CardInfoViewController.swift; sourceTree = "<group>"; };
		5A8AA06F23984D080089261B /* CardInfoInteractor.swift */ = {isa = PBXFileReference; lastKnownFileType = sourcecode.swift; path = CardInfoInteractor.swift; sourceTree = "<group>"; };
		5AC0D5B123A8539B00AD51E4 /* CardInfoDisplayLogic.swift */ = {isa = PBXFileReference; lastKnownFileType = sourcecode.swift; path = CardInfoDisplayLogic.swift; sourceTree = "<group>"; };
		5AC0D5B323A853F300AD51E4 /* CardInfoBusinessLogic.swift */ = {isa = PBXFileReference; lastKnownFileType = sourcecode.swift; path = CardInfoBusinessLogic.swift; sourceTree = "<group>"; };
		5AC0D5B523A8541400AD51E4 /* CardInfoDataStore.swift */ = {isa = PBXFileReference; lastKnownFileType = sourcecode.swift; path = CardInfoDataStore.swift; sourceTree = "<group>"; };
		5AC0D5B723A8546900AD51E4 /* CardInfoPresentationLogic.swift */ = {isa = PBXFileReference; lastKnownFileType = sourcecode.swift; path = CardInfoPresentationLogic.swift; sourceTree = "<group>"; };
		5AC0D5B923A854A000AD51E4 /* CardInfoRoutingLogic.swift */ = {isa = PBXFileReference; lastKnownFileType = sourcecode.swift; path = CardInfoRoutingLogic.swift; sourceTree = "<group>"; };
		5AC0D5BB23A854C900AD51E4 /* CardInfoDataPassing.swift */ = {isa = PBXFileReference; lastKnownFileType = sourcecode.swift; path = CardInfoDataPassing.swift; sourceTree = "<group>"; };
		5AC0D5BE23A8554C00AD51E4 /* CardInfoModule.swift */ = {isa = PBXFileReference; lastKnownFileType = sourcecode.swift; path = CardInfoModule.swift; sourceTree = "<group>"; };
		5AC0D5C123A8620800AD51E4 /* Base */ = {isa = PBXFileReference; lastKnownFileType = file.storyboard; name = Base; path = Base.lproj/LaunchScreen.storyboard; sourceTree = "<group>"; };
		C1E20D453E5B68DBA9300965 /* Pods_HSGallery.framework */ = {isa = PBXFileReference; explicitFileType = wrapper.framework; includeInIndex = 0; path = Pods_HSGallery.framework; sourceTree = BUILT_PRODUCTS_DIR; };
/* End PBXFileReference section */

/* Begin PBXFrameworksBuildPhase section */
		5A8AA02A239833250089261B /* Frameworks */ = {
			isa = PBXFrameworksBuildPhase;
			buildActionMask = 2147483647;
			files = (
				A6E9790516648234A076F828 /* Pods_HSGallery.framework in Frameworks */,
			);
			runOnlyForDeploymentPostprocessing = 0;
		};
/* End PBXFrameworksBuildPhase section */

/* Begin PBXGroup section */
		4B9976E2413325AAD3747AB0 /* Pods */ = {
			isa = PBXGroup;
			children = (
				3BDB655B63CB591838594A71 /* Pods-HSGallery.debug.xcconfig */,
				00328640F12BD07BA9542282 /* Pods-HSGallery.release.xcconfig */,
			);
			path = Pods;
			sourceTree = "<group>";
		};
		5190F0F38A6CF073C77FDB63 /* Frameworks */ = {
			isa = PBXGroup;
			children = (
				C1E20D453E5B68DBA9300965 /* Pods_HSGallery.framework */,
			);
			name = Frameworks;
			sourceTree = "<group>";
		};
		5A6BA57D23A15B1500480643 /* ServiceLayer */ = {
			isa = PBXGroup;
			children = (
				5A6BA58023A15E9800480643 /* HSGalleryRapidAPIService.swift */,
			);
			path = ServiceLayer;
			sourceTree = "<group>";
		};
		5A8AA024239833250089261B = {
			isa = PBXGroup;
			children = (
				5A8AA02F239833250089261B /* HSGallery */,
				5A8AA02E239833250089261B /* Products */,
				5A6BA57E23A15C2A00480643 /* Podfile */,
				4B9976E2413325AAD3747AB0 /* Pods */,
				5190F0F38A6CF073C77FDB63 /* Frameworks */,
			);
			sourceTree = "<group>";
		};
		5A8AA02E239833250089261B /* Products */ = {
			isa = PBXGroup;
			children = (
				5A8AA02D239833250089261B /* HSGallery.app */,
			);
			name = Products;
			sourceTree = "<group>";
		};
		5A8AA02F239833250089261B /* HSGallery */ = {
			isa = PBXGroup;
			children = (
				5A8AA0442398419A0089261B /* AppLayer */,
				5A6BA57D23A15B1500480643 /* ServiceLayer */,
				5A8AA04B239842A40089261B /* Supporting files */,
				5A8AA039239833270089261B /* Assets.xcassets */,
				5A8AA03E239833270089261B /* Info.plist */,
			);
			path = HSGallery;
			sourceTree = "<group>";
		};
		5A8AA0442398419A0089261B /* AppLayer */ = {
			isa = PBXGroup;
			children = (
				5A8AA045239841BE0089261B /* Modules */,
			);
			path = AppLayer;
			sourceTree = "<group>";
		};
		5A8AA045239841BE0089261B /* Modules */ = {
			isa = PBXGroup;
			children = (
				5A8AA07623984D0E0089261B /* CardInfo */,
			);
			path = Modules;
			sourceTree = "<group>";
		};
		5A8AA04B239842A40089261B /* Supporting files */ = {
			isa = PBXGroup;
			children = (
				5AC0D5C023A8620800AD51E4 /* LaunchScreen.storyboard */,
				5A8AA030239833250089261B /* AppDelegate.swift */,
				5A8AA032239833250089261B /* SceneDelegate.swift */,
			);
			path = "Supporting files";
			sourceTree = "<group>";
		};
		5A8AA07623984D0E0089261B /* CardInfo */ = {
			isa = PBXGroup;
			children = (
				5AC0D5BD23A8552B00AD51E4 /* Configurator */,
				5AC0D5AC23A8532C00AD51E4 /* View */,
				5AC0D5AD23A8533C00AD51E4 /* Interactor */,
				5AC0D5AE23A8534400AD51E4 /* Presenter */,
				5AC0D5AF23A8535E00AD51E4 /* Model */,
				5AC0D5B023A8536800AD51E4 /* Router */,
			);
			path = CardInfo;
			sourceTree = "<group>";
		};
		5AC0D5AC23A8532C00AD51E4 /* View */ = {
			isa = PBXGroup;
			children = (
				5A8AA036239833250089261B /* CardInfoViewController.storyboard */,
				5A8AA06E23984D080089261B /* CardInfoViewController.swift */,
				5AC0D5B123A8539B00AD51E4 /* CardInfoDisplayLogic.swift */,
			);
			path = View;
			sourceTree = "<group>";
		};
		5AC0D5AD23A8533C00AD51E4 /* Interactor */ = {
			isa = PBXGroup;
			children = (
				5A8AA06F23984D080089261B /* CardInfoInteractor.swift */,
				5AC0D5B323A853F300AD51E4 /* CardInfoBusinessLogic.swift */,
				5AC0D5B523A8541400AD51E4 /* CardInfoDataStore.swift */,
			);
			path = Interactor;
			sourceTree = "<group>";
		};
		5AC0D5AE23A8534400AD51E4 /* Presenter */ = {
			isa = PBXGroup;
			children = (
				5A8AA06A23984D080089261B /* CardInfoPresenter.swift */,
				5AC0D5B723A8546900AD51E4 /* CardInfoPresentationLogic.swift */,
			);
			path = Presenter;
			sourceTree = "<group>";
		};
		5AC0D5AF23A8535E00AD51E4 /* Model */ = {
			isa = PBXGroup;
			children = (
				5A8AA06D23984D080089261B /* CardInfoModel.swift */,
			);
			path = Model;
			sourceTree = "<group>";
		};
		5AC0D5B023A8536800AD51E4 /* Router */ = {
			isa = PBXGroup;
			children = (
				5A8AA06C23984D080089261B /* CardInfoRouter.swift */,
				5AC0D5B923A854A000AD51E4 /* CardInfoRoutingLogic.swift */,
				5AC0D5BB23A854C900AD51E4 /* CardInfoDataPassing.swift */,
			);
			path = Router;
			sourceTree = "<group>";
		};
		5AC0D5BD23A8552B00AD51E4 /* Configurator */ = {
			isa = PBXGroup;
			children = (
				5AC0D5BE23A8554C00AD51E4 /* CardInfoModule.swift */,
			);
			path = Configurator;
			sourceTree = "<group>";
		};
/* End PBXGroup section */

/* Begin PBXNativeTarget section */
		5A8AA02C239833250089261B /* HSGallery */ = {
			isa = PBXNativeTarget;
			buildConfigurationList = 5A8AA041239833270089261B /* Build configuration list for PBXNativeTarget "HSGallery" */;
			buildPhases = (
				9E6DEA14690354279E6610CA /* [CP] Check Pods Manifest.lock */,
				5A8AA029239833250089261B /* Sources */,
				5A8AA02A239833250089261B /* Frameworks */,
				5A8AA02B239833250089261B /* Resources */,
				BB2A125851F382096C8F5137 /* [CP] Embed Pods Frameworks */,
			);
			buildRules = (
			);
			dependencies = (
			);
			name = HSGallery;
			productName = HSGallery;
			productReference = 5A8AA02D239833250089261B /* HSGallery.app */;
			productType = "com.apple.product-type.application";
		};
/* End PBXNativeTarget section */

/* Begin PBXProject section */
		5A8AA025239833250089261B /* Project object */ = {
			isa = PBXProject;
			attributes = {
				LastSwiftUpdateCheck = 1120;
				LastUpgradeCheck = 1120;
				ORGANIZATIONNAME = YesVladess;
				TargetAttributes = {
					5A8AA02C239833250089261B = {
						CreatedOnToolsVersion = 11.2.1;
					};
				};
			};
			buildConfigurationList = 5A8AA028239833250089261B /* Build configuration list for PBXProject "HSGallery" */;
			compatibilityVersion = "Xcode 9.3";
			developmentRegion = en;
			hasScannedForEncodings = 0;
			knownRegions = (
				en,
				Base,
			);
			mainGroup = 5A8AA024239833250089261B;
			productRefGroup = 5A8AA02E239833250089261B /* Products */;
			projectDirPath = "";
			projectRoot = "";
			targets = (
				5A8AA02C239833250089261B /* HSGallery */,
			);
		};
/* End PBXProject section */

/* Begin PBXResourcesBuildPhase section */
		5A8AA02B239833250089261B /* Resources */ = {
			isa = PBXResourcesBuildPhase;
			buildActionMask = 2147483647;
			files = (
				5A8AA03A239833270089261B /* Assets.xcassets in Resources */,
				5AC0D5C223A8620800AD51E4 /* LaunchScreen.storyboard in Resources */,
				5A6BA57F23A15C2A00480643 /* Podfile in Resources */,
				5A8AA038239833250089261B /* CardInfoViewController.storyboard in Resources */,
			);
			runOnlyForDeploymentPostprocessing = 0;
		};
/* End PBXResourcesBuildPhase section */

/* Begin PBXShellScriptBuildPhase section */
		9E6DEA14690354279E6610CA /* [CP] Check Pods Manifest.lock */ = {
			isa = PBXShellScriptBuildPhase;
			buildActionMask = 2147483647;
			files = (
			);
			inputFileListPaths = (
			);
			inputPaths = (
				"${PODS_PODFILE_DIR_PATH}/Podfile.lock",
				"${PODS_ROOT}/Manifest.lock",
			);
			name = "[CP] Check Pods Manifest.lock";
			outputFileListPaths = (
			);
			outputPaths = (
				"$(DERIVED_FILE_DIR)/Pods-HSGallery-checkManifestLockResult.txt",
			);
			runOnlyForDeploymentPostprocessing = 0;
			shellPath = /bin/sh;
			shellScript = "diff \"${PODS_PODFILE_DIR_PATH}/Podfile.lock\" \"${PODS_ROOT}/Manifest.lock\" > /dev/null\nif [ $? != 0 ] ; then\n    # print error to STDERR\n    echo \"error: The sandbox is not in sync with the Podfile.lock. Run 'pod install' or update your CocoaPods installation.\" >&2\n    exit 1\nfi\n# This output is used by Xcode 'outputs' to avoid re-running this script phase.\necho \"SUCCESS\" > \"${SCRIPT_OUTPUT_FILE_0}\"\n";
			showEnvVarsInLog = 0;
		};
		BB2A125851F382096C8F5137 /* [CP] Embed Pods Frameworks */ = {
			isa = PBXShellScriptBuildPhase;
			buildActionMask = 2147483647;
			files = (
			);
			inputFileListPaths = (
				"${PODS_ROOT}/Target Support Files/Pods-HSGallery/Pods-HSGallery-frameworks-${CONFIGURATION}-input-files.xcfilelist",
			);
			name = "[CP] Embed Pods Frameworks";
			outputFileListPaths = (
				"${PODS_ROOT}/Target Support Files/Pods-HSGallery/Pods-HSGallery-frameworks-${CONFIGURATION}-output-files.xcfilelist",
			);
			runOnlyForDeploymentPostprocessing = 0;
			shellPath = /bin/sh;
			shellScript = "\"${PODS_ROOT}/Target Support Files/Pods-HSGallery/Pods-HSGallery-frameworks.sh\"\n";
			showEnvVarsInLog = 0;
		};
/* End PBXShellScriptBuildPhase section */

/* Begin PBXSourcesBuildPhase section */
		5A8AA029239833250089261B /* Sources */ = {
			isa = PBXSourcesBuildPhase;
			buildActionMask = 2147483647;
			files = (
				5AC0D5B623A8541400AD51E4 /* CardInfoDataStore.swift in Sources */,
				5AC0D5BF23A8554C00AD51E4 /* CardInfoModule.swift in Sources */,
				5AC0D5B423A853F300AD51E4 /* CardInfoBusinessLogic.swift in Sources */,
				5A8AA07423984D080089261B /* CardInfoViewController.swift in Sources */,
				5A8AA031239833250089261B /* AppDelegate.swift in Sources */,
				5A8AA07323984D080089261B /* CardInfoModel.swift in Sources */,
				5A6BA58123A15E9800480643 /* HSGalleryRapidAPIService.swift in Sources */,
				5A8AA033239833250089261B /* SceneDelegate.swift in Sources */,
				5AC0D5BC23A854C900AD51E4 /* CardInfoDataPassing.swift in Sources */,
				5A8AA07523984D080089261B /* CardInfoInteractor.swift in Sources */,
				5A8AA07223984D080089261B /* CardInfoRouter.swift in Sources */,
				5AC0D5B223A8539B00AD51E4 /* CardInfoDisplayLogic.swift in Sources */,
				5A8AA07023984D080089261B /* CardInfoPresenter.swift in Sources */,
				5AC0D5B823A8546900AD51E4 /* CardInfoPresentationLogic.swift in Sources */,
				5AC0D5BA23A854A000AD51E4 /* CardInfoRoutingLogic.swift in Sources */,
			);
			runOnlyForDeploymentPostprocessing = 0;
		};
/* End PBXSourcesBuildPhase section */

/* Begin PBXVariantGroup section */
		5A8AA036239833250089261B /* CardInfoViewController.storyboard */ = {
			isa = PBXVariantGroup;
			children = (
				5A8AA037239833250089261B /* Base */,
			);
			name = CardInfoViewController.storyboard;
			sourceTree = "<group>";
		};
		5AC0D5C023A8620800AD51E4 /* LaunchScreen.storyboard */ = {
			isa = PBXVariantGroup;
			children = (
				5AC0D5C123A8620800AD51E4 /* Base */,
			);
			name = LaunchScreen.storyboard;
			sourceTree = "<group>";
		};
/* End PBXVariantGroup section */

/* Begin XCBuildConfiguration section */
		5A8AA03F239833270089261B /* Debug */ = {
			isa = XCBuildConfiguration;
			buildSettings = {
				ALWAYS_SEARCH_USER_PATHS = NO;
				CLANG_ANALYZER_NONNULL = YES;
				CLANG_ANALYZER_NUMBER_OBJECT_CONVERSION = YES_AGGRESSIVE;
				CLANG_CXX_LANGUAGE_STANDARD = "gnu++14";
				CLANG_CXX_LIBRARY = "libc++";
				CLANG_ENABLE_MODULES = YES;
				CLANG_ENABLE_OBJC_ARC = YES;
				CLANG_ENABLE_OBJC_WEAK = YES;
				CLANG_WARN_BLOCK_CAPTURE_AUTORELEASING = YES;
				CLANG_WARN_BOOL_CONVERSION = YES;
				CLANG_WARN_COMMA = YES;
				CLANG_WARN_CONSTANT_CONVERSION = YES;
				CLANG_WARN_DEPRECATED_OBJC_IMPLEMENTATIONS = YES;
				CLANG_WARN_DIRECT_OBJC_ISA_USAGE = YES_ERROR;
				CLANG_WARN_DOCUMENTATION_COMMENTS = YES;
				CLANG_WARN_EMPTY_BODY = YES;
				CLANG_WARN_ENUM_CONVERSION = YES;
				CLANG_WARN_INFINITE_RECURSION = YES;
				CLANG_WARN_INT_CONVERSION = YES;
				CLANG_WARN_NON_LITERAL_NULL_CONVERSION = YES;
				CLANG_WARN_OBJC_IMPLICIT_RETAIN_SELF = YES;
				CLANG_WARN_OBJC_LITERAL_CONVERSION = YES;
				CLANG_WARN_OBJC_ROOT_CLASS = YES_ERROR;
				CLANG_WARN_RANGE_LOOP_ANALYSIS = YES;
				CLANG_WARN_STRICT_PROTOTYPES = YES;
				CLANG_WARN_SUSPICIOUS_MOVE = YES;
				CLANG_WARN_UNGUARDED_AVAILABILITY = YES_AGGRESSIVE;
				CLANG_WARN_UNREACHABLE_CODE = YES;
				CLANG_WARN__DUPLICATE_METHOD_MATCH = YES;
				COPY_PHASE_STRIP = NO;
				DEBUG_INFORMATION_FORMAT = dwarf;
				ENABLE_STRICT_OBJC_MSGSEND = YES;
				ENABLE_TESTABILITY = YES;
				GCC_C_LANGUAGE_STANDARD = gnu11;
				GCC_DYNAMIC_NO_PIC = NO;
				GCC_NO_COMMON_BLOCKS = YES;
				GCC_OPTIMIZATION_LEVEL = 0;
				GCC_PREPROCESSOR_DEFINITIONS = (
					"DEBUG=1",
					"$(inherited)",
				);
				GCC_WARN_64_TO_32_BIT_CONVERSION = YES;
				GCC_WARN_ABOUT_RETURN_TYPE = YES_ERROR;
				GCC_WARN_UNDECLARED_SELECTOR = YES;
				GCC_WARN_UNINITIALIZED_AUTOS = YES_AGGRESSIVE;
				GCC_WARN_UNUSED_FUNCTION = YES;
				GCC_WARN_UNUSED_VARIABLE = YES;
				IPHONEOS_DEPLOYMENT_TARGET = 13.2;
				MTL_ENABLE_DEBUG_INFO = INCLUDE_SOURCE;
				MTL_FAST_MATH = YES;
				ONLY_ACTIVE_ARCH = YES;
				SDKROOT = iphoneos;
				SWIFT_ACTIVE_COMPILATION_CONDITIONS = DEBUG;
				SWIFT_OPTIMIZATION_LEVEL = "-Onone";
			};
			name = Debug;
		};
		5A8AA040239833270089261B /* Release */ = {
			isa = XCBuildConfiguration;
			buildSettings = {
				ALWAYS_SEARCH_USER_PATHS = NO;
				CLANG_ANALYZER_NONNULL = YES;
				CLANG_ANALYZER_NUMBER_OBJECT_CONVERSION = YES_AGGRESSIVE;
				CLANG_CXX_LANGUAGE_STANDARD = "gnu++14";
				CLANG_CXX_LIBRARY = "libc++";
				CLANG_ENABLE_MODULES = YES;
				CLANG_ENABLE_OBJC_ARC = YES;
				CLANG_ENABLE_OBJC_WEAK = YES;
				CLANG_WARN_BLOCK_CAPTURE_AUTORELEASING = YES;
				CLANG_WARN_BOOL_CONVERSION = YES;
				CLANG_WARN_COMMA = YES;
				CLANG_WARN_CONSTANT_CONVERSION = YES;
				CLANG_WARN_DEPRECATED_OBJC_IMPLEMENTATIONS = YES;
				CLANG_WARN_DIRECT_OBJC_ISA_USAGE = YES_ERROR;
				CLANG_WARN_DOCUMENTATION_COMMENTS = YES;
				CLANG_WARN_EMPTY_BODY = YES;
				CLANG_WARN_ENUM_CONVERSION = YES;
				CLANG_WARN_INFINITE_RECURSION = YES;
				CLANG_WARN_INT_CONVERSION = YES;
				CLANG_WARN_NON_LITERAL_NULL_CONVERSION = YES;
				CLANG_WARN_OBJC_IMPLICIT_RETAIN_SELF = YES;
				CLANG_WARN_OBJC_LITERAL_CONVERSION = YES;
				CLANG_WARN_OBJC_ROOT_CLASS = YES_ERROR;
				CLANG_WARN_RANGE_LOOP_ANALYSIS = YES;
				CLANG_WARN_STRICT_PROTOTYPES = YES;
				CLANG_WARN_SUSPICIOUS_MOVE = YES;
				CLANG_WARN_UNGUARDED_AVAILABILITY = YES_AGGRESSIVE;
				CLANG_WARN_UNREACHABLE_CODE = YES;
				CLANG_WARN__DUPLICATE_METHOD_MATCH = YES;
				COPY_PHASE_STRIP = NO;
				DEBUG_INFORMATION_FORMAT = "dwarf-with-dsym";
				ENABLE_NS_ASSERTIONS = NO;
				ENABLE_STRICT_OBJC_MSGSEND = YES;
				GCC_C_LANGUAGE_STANDARD = gnu11;
				GCC_NO_COMMON_BLOCKS = YES;
				GCC_WARN_64_TO_32_BIT_CONVERSION = YES;
				GCC_WARN_ABOUT_RETURN_TYPE = YES_ERROR;
				GCC_WARN_UNDECLARED_SELECTOR = YES;
				GCC_WARN_UNINITIALIZED_AUTOS = YES_AGGRESSIVE;
				GCC_WARN_UNUSED_FUNCTION = YES;
				GCC_WARN_UNUSED_VARIABLE = YES;
				IPHONEOS_DEPLOYMENT_TARGET = 13.2;
				MTL_ENABLE_DEBUG_INFO = NO;
				MTL_FAST_MATH = YES;
				SDKROOT = iphoneos;
				SWIFT_COMPILATION_MODE = wholemodule;
				SWIFT_OPTIMIZATION_LEVEL = "-O";
				VALIDATE_PRODUCT = YES;
			};
			name = Release;
		};
		5A8AA042239833270089261B /* Debug */ = {
			isa = XCBuildConfiguration;
			baseConfigurationReference = 3BDB655B63CB591838594A71 /* Pods-HSGallery.debug.xcconfig */;
			buildSettings = {
				ASSETCATALOG_COMPILER_APPICON_NAME = AppIcon;
				CODE_SIGN_STYLE = Automatic;
				DEVELOPMENT_TEAM = 2S3C473DW6;
				INFOPLIST_FILE = HSGallery/Info.plist;
				LD_RUNPATH_SEARCH_PATHS = (
					"$(inherited)",
					"@executable_path/Frameworks",
				);
				PRODUCT_BUNDLE_IDENTIFIER = com.YesVladess.HSGallery;
				PRODUCT_NAME = "$(TARGET_NAME)";
				SWIFT_VERSION = 5.0;
				TARGETED_DEVICE_FAMILY = 1;
			};
			name = Debug;
		};
		5A8AA043239833270089261B /* Release */ = {
			isa = XCBuildConfiguration;
			baseConfigurationReference = 00328640F12BD07BA9542282 /* Pods-HSGallery.release.xcconfig */;
			buildSettings = {
				ASSETCATALOG_COMPILER_APPICON_NAME = AppIcon;
				CODE_SIGN_STYLE = Automatic;
				DEVELOPMENT_TEAM = 2S3C473DW6;
				INFOPLIST_FILE = HSGallery/Info.plist;
				LD_RUNPATH_SEARCH_PATHS = (
					"$(inherited)",
					"@executable_path/Frameworks",
				);
				PRODUCT_BUNDLE_IDENTIFIER = com.YesVladess.HSGallery;
				PRODUCT_NAME = "$(TARGET_NAME)";
				SWIFT_VERSION = 5.0;
				TARGETED_DEVICE_FAMILY = 1;
			};
			name = Release;
		};
/* End XCBuildConfiguration section */

/* Begin XCConfigurationList section */
		5A8AA028239833250089261B /* Build configuration list for PBXProject "HSGallery" */ = {
			isa = XCConfigurationList;
			buildConfigurations = (
				5A8AA03F239833270089261B /* Debug */,
				5A8AA040239833270089261B /* Release */,
			);
			defaultConfigurationIsVisible = 0;
			defaultConfigurationName = Release;
		};
		5A8AA041239833270089261B /* Build configuration list for PBXNativeTarget "HSGallery" */ = {
			isa = XCConfigurationList;
			buildConfigurations = (
				5A8AA042239833270089261B /* Debug */,
				5A8AA043239833270089261B /* Release */,
			);
			defaultConfigurationIsVisible = 0;
			defaultConfigurationName = Release;
		};
/* End XCConfigurationList section */
	};
	rootObject = 5A8AA025239833250089261B /* Project object */;
}
